// !$*UTF8*$!
{
	archiveVersion = 1;
	classes = {
	};
	objectVersion = 50;
	objects = {

/* Begin PBXBuildFile section */
		96427C0E229C49C700507971 /* AppDelegate.swift in Sources */ = {isa = PBXBuildFile; fileRef = 96427C0D229C49C700507971 /* AppDelegate.swift */; };
		96427C10229C49C700507971 /* ViewController.swift in Sources */ = {isa = PBXBuildFile; fileRef = 96427C0F229C49C700507971 /* ViewController.swift */; };
		96427C13229C49C700507971 /* Main.storyboard in Resources */ = {isa = PBXBuildFile; fileRef = 96427C11229C49C700507971 /* Main.storyboard */; };
		96427C15229C49C800507971 /* Assets.xcassets in Resources */ = {isa = PBXBuildFile; fileRef = 96427C14229C49C800507971 /* Assets.xcassets */; };
		96427C18229C49C800507971 /* LaunchScreen.storyboard in Resources */ = {isa = PBXBuildFile; fileRef = 96427C16229C49C800507971 /* LaunchScreen.storyboard */; };
		96427C20229C715300507971 /* AboutViewController.swift in Sources */ = {isa = PBXBuildFile; fileRef = 96427C1F229C715300507971 /* AboutViewController.swift */; };
		96427C22229C739700507971 /* AboutTheAuthorViewController.swift in Sources */ = {isa = PBXBuildFile; fileRef = 96427C21229C739700507971 /* AboutTheAuthorViewController.swift */; };
		96427C26229C789700507971 /* Podfile in Resources */ = {isa = PBXBuildFile; fileRef = 96427C25229C789700507971 /* Podfile */; };
		96427C2E229C7F4E00507971 /* AFNetworking.framework in Frameworks */ = {isa = PBXBuildFile; fileRef = 96427C2D229C7F4E00507971 /* AFNetworking.framework */; };
		B56B06D144258AF070A794A4 /* Pods_Panek.framework in Frameworks */ = {isa = PBXBuildFile; fileRef = 0C6A110DD4BBF2BC154E9E3D /* Pods_Panek.framework */; };
/* End PBXBuildFile section */

/* Begin PBXFileReference section */
		0C6A110DD4BBF2BC154E9E3D /* Pods_Panek.framework */ = {isa = PBXFileReference; explicitFileType = wrapper.framework; includeInIndex = 0; path = Pods_Panek.framework; sourceTree = BUILT_PRODUCTS_DIR; };
		2ADF7EEF3B5B040BF4410EE5 /* Pods-Panek.release.xcconfig */ = {isa = PBXFileReference; includeInIndex = 1; lastKnownFileType = text.xcconfig; name = "Pods-Panek.release.xcconfig"; path = "Panek/Pods/Target Support Files/Pods-Panek/Pods-Panek.release.xcconfig"; sourceTree = "<group>"; };
		96427C0A229C49C700507971 /* Panek.app */ = {isa = PBXFileReference; explicitFileType = wrapper.application; includeInIndex = 0; path = Panek.app; sourceTree = BUILT_PRODUCTS_DIR; };
		96427C0D229C49C700507971 /* AppDelegate.swift */ = {isa = PBXFileReference; lastKnownFileType = sourcecode.swift; path = AppDelegate.swift; sourceTree = "<group>"; };
		96427C0F229C49C700507971 /* ViewController.swift */ = {isa = PBXFileReference; lastKnownFileType = sourcecode.swift; path = ViewController.swift; sourceTree = "<group>"; };
		96427C12229C49C700507971 /* Base */ = {isa = PBXFileReference; lastKnownFileType = file.storyboard; name = Base; path = Base.lproj/Main.storyboard; sourceTree = "<group>"; };
		96427C14229C49C800507971 /* Assets.xcassets */ = {isa = PBXFileReference; lastKnownFileType = folder.assetcatalog; path = Assets.xcassets; sourceTree = "<group>"; };
		96427C17229C49C800507971 /* Base */ = {isa = PBXFileReference; lastKnownFileType = file.storyboard; name = Base; path = Base.lproj/LaunchScreen.storyboard; sourceTree = "<group>"; };
		96427C19229C49C800507971 /* Info.plist */ = {isa = PBXFileReference; lastKnownFileType = text.plist.xml; path = Info.plist; sourceTree = "<group>"; };
		96427C1F229C715300507971 /* AboutViewController.swift */ = {isa = PBXFileReference; lastKnownFileType = sourcecode.swift; path = AboutViewController.swift; sourceTree = "<group>"; };
		96427C21229C739700507971 /* AboutTheAuthorViewController.swift */ = {isa = PBXFileReference; lastKnownFileType = sourcecode.swift; path = AboutTheAuthorViewController.swift; sourceTree = "<group>"; };
		96427C25229C789700507971 /* Podfile */ = {isa = PBXFileReference; lastKnownFileType = text; path = Podfile; sourceTree = "<group>"; xcLanguageSpecificationIdentifier = xcode.lang.ruby; };
		96427C27229C7A4300507971 /* AFNetworking.h */ = {isa = PBXFileReference; lastKnownFileType = sourcecode.c.h; name = AFNetworking.h; path = Panek/Pods/AFNetworking/AFNetworking/AFNetworking.h; sourceTree = "<group>"; };
		96427C29229C7A6B00507971 /* AFNetworking */ = {isa = PBXFileReference; lastKnownFileType = folder; name = AFNetworking; path = Panek/Pods/AFNetworking/AFNetworking; sourceTree = "<group>"; };
		96427C2B229C7CB100507971 /* libAFNetworking.a */ = {isa = PBXFileReference; explicitFileType = archive.ar; path = libAFNetworking.a; sourceTree = BUILT_PRODUCTS_DIR; };
		96427C2D229C7F4E00507971 /* AFNetworking.framework */ = {isa = PBXFileReference; explicitFileType = wrapper.framework; path = AFNetworking.framework; sourceTree = BUILT_PRODUCTS_DIR; };
		9C00507BA76043FCF618F185 /* Pods-Panek.debug.xcconfig */ = {isa = PBXFileReference; includeInIndex = 1; lastKnownFileType = text.xcconfig; name = "Pods-Panek.debug.xcconfig"; path = "Panek/Pods/Target Support Files/Pods-Panek/Pods-Panek.debug.xcconfig"; sourceTree = "<group>"; };
/* End PBXFileReference section */

/* Begin PBXFrameworksBuildPhase section */
		96427C07229C49C700507971 /* Frameworks */ = {
			isa = PBXFrameworksBuildPhase;
			buildActionMask = 2147483647;
			files = (
				96427C2E229C7F4E00507971 /* AFNetworking.framework in Frameworks */,
				B56B06D144258AF070A794A4 /* Pods_Panek.framework in Frameworks */,
			);
			runOnlyForDeploymentPostprocessing = 0;
		};
/* End PBXFrameworksBuildPhase section */

/* Begin PBXGroup section */
		1071F0CEE5A9031B9E86B3E7 /* Pods */ = {
			isa = PBXGroup;
			children = (
				9C00507BA76043FCF618F185 /* Pods-Panek.debug.xcconfig */,
				2ADF7EEF3B5B040BF4410EE5 /* Pods-Panek.release.xcconfig */,
			);
			name = Pods;
			sourceTree = "<group>";
		};
		5D79D50F0E30182656589C31 /* Frameworks */ = {
			isa = PBXGroup;
			children = (
				96427C2D229C7F4E00507971 /* AFNetworking.framework */,
				96427C2B229C7CB100507971 /* libAFNetworking.a */,
				96427C29229C7A6B00507971 /* AFNetworking */,
				96427C27229C7A4300507971 /* AFNetworking.h */,
				0C6A110DD4BBF2BC154E9E3D /* Pods_Panek.framework */,
			);
			name = Frameworks;
			sourceTree = "<group>";
		};
		96427C01229C49C700507971 = {
			isa = PBXGroup;
			children = (
				96427C0C229C49C700507971 /* Panek */,
				96427C0B229C49C700507971 /* Products */,
				1071F0CEE5A9031B9E86B3E7 /* Pods */,
				5D79D50F0E30182656589C31 /* Frameworks */,
			);
			sourceTree = "<group>";
		};
		96427C0B229C49C700507971 /* Products */ = {
			isa = PBXGroup;
			children = (
				96427C0A229C49C700507971 /* Panek.app */,
			);
			name = Products;
			sourceTree = "<group>";
		};
		96427C0C229C49C700507971 /* Panek */ = {
			isa = PBXGroup;
			children = (
				96427C21229C739700507971 /* AboutTheAuthorViewController.swift */,
				96427C0D229C49C700507971 /* AppDelegate.swift */,
				96427C0F229C49C700507971 /* ViewController.swift */,
				96427C1F229C715300507971 /* AboutViewController.swift */,
				96427C11229C49C700507971 /* Main.storyboard */,
				96427C14229C49C800507971 /* Assets.xcassets */,
				96427C16229C49C800507971 /* LaunchScreen.storyboard */,
				96427C19229C49C800507971 /* Info.plist */,
				96427C25229C789700507971 /* Podfile */,
			);
			path = Panek;
			sourceTree = "<group>";
		};
/* End PBXGroup section */

/* Begin PBXNativeTarget section */
		96427C09229C49C700507971 /* Panek */ = {
			isa = PBXNativeTarget;
			buildConfigurationList = 96427C1C229C49C800507971 /* Build configuration list for PBXNativeTarget "Panek" */;
			buildPhases = (
				F0ACDA75C52639772C8DE799 /* [CP] Check Pods Manifest.lock */,
				96427C06229C49C700507971 /* Sources */,
				96427C07229C49C700507971 /* Frameworks */,
				96427C08229C49C700507971 /* Resources */,
				830A709BEB1B4912A9B14E13 /* [CP] Embed Pods Frameworks */,
			);
			buildRules = (
			);
			dependencies = (
			);
			name = Panek;
			productName = Panek;
			productReference = 96427C0A229C49C700507971 /* Panek.app */;
			productType = "com.apple.product-type.application";
		};
/* End PBXNativeTarget section */

/* Begin PBXProject section */
		96427C02229C49C700507971 /* Project object */ = {
			isa = PBXProject;
			attributes = {
				LastSwiftUpdateCheck = 1010;
				LastUpgradeCheck = 1010;
				ORGANIZATIONNAME = "Panek Team";
				TargetAttributes = {
					96427C09229C49C700507971 = {
						CreatedOnToolsVersion = 10.1;
					};
				};
			};
			buildConfigurationList = 96427C05229C49C700507971 /* Build configuration list for PBXProject "Panek" */;
			compatibilityVersion = "Xcode 9.3";
			developmentRegion = en;
			hasScannedForEncodings = 0;
			knownRegions = (
				en,
				Base,
			);
			mainGroup = 96427C01229C49C700507971;
			productRefGroup = 96427C0B229C49C700507971 /* Products */;
			projectDirPath = "";
			projectRoot = "";
			targets = (
				96427C09229C49C700507971 /* Panek */,
			);
		};
/* End PBXProject section */

/* Begin PBXResourcesBuildPhase section */
		96427C08229C49C700507971 /* Resources */ = {
			isa = PBXResourcesBuildPhase;
			buildActionMask = 2147483647;
			files = (
				96427C18229C49C800507971 /* LaunchScreen.storyboard in Resources */,
				96427C15229C49C800507971 /* Assets.xcassets in Resources */,
				96427C26229C789700507971 /* Podfile in Resources */,
				96427C13229C49C700507971 /* Main.storyboard in Resources */,
			);
			runOnlyForDeploymentPostprocessing = 0;
		};
/* End PBXResourcesBuildPhase section */

/* Begin PBXShellScriptBuildPhase section */
		830A709BEB1B4912A9B14E13 /* [CP] Embed Pods Frameworks */ = {
			isa = PBXShellScriptBuildPhase;
			buildActionMask = 2147483647;
			files = (
			);
			inputFileListPaths = (
			);
			inputPaths = (
				"${SRCROOT}/Panek/Pods/Target Support Files/Pods-Panek/Pods-Panek-frameworks.sh",
				"${BUILT_PRODUCTS_DIR}/AFNetworking/AFNetworking.framework",
			);
			name = "[CP] Embed Pods Frameworks";
			outputFileListPaths = (
			);
			outputPaths = (
				"${TARGET_BUILD_DIR}/${FRAMEWORKS_FOLDER_PATH}/AFNetworking.framework",
			);
			runOnlyForDeploymentPostprocessing = 0;
			shellPath = /bin/sh;
			shellScript = "\"${SRCROOT}/Panek/Pods/Target Support Files/Pods-Panek/Pods-Panek-frameworks.sh\"\n";
			showEnvVarsInLog = 0;
		};
		F0ACDA75C52639772C8DE799 /* [CP] Check Pods Manifest.lock */ = {
			isa = PBXShellScriptBuildPhase;
			buildActionMask = 2147483647;
			files = (
			);
			inputFileListPaths = (
			);
			inputPaths = (
				"${PODS_PODFILE_DIR_PATH}/Podfile.lock",
				"${PODS_ROOT}/Manifest.lock",
			);
			name = "[CP] Check Pods Manifest.lock";
			outputFileListPaths = (
			);
			outputPaths = (
				"$(DERIVED_FILE_DIR)/Pods-Panek-checkManifestLockResult.txt",
			);
			runOnlyForDeploymentPostprocessing = 0;
			shellPath = /bin/sh;
			shellScript = "diff \"${PODS_PODFILE_DIR_PATH}/Podfile.lock\" \"${PODS_ROOT}/Manifest.lock\" > /dev/null\nif [ $? != 0 ] ; then\n    # print error to STDERR\n    echo \"error: The sandbox is not in sync with the Podfile.lock. Run 'pod install' or update your CocoaPods installation.\" >&2\n    exit 1\nfi\n# This output is used by Xcode 'outputs' to avoid re-running this script phase.\necho \"SUCCESS\" > \"${SCRIPT_OUTPUT_FILE_0}\"\n";
			showEnvVarsInLog = 0;
		};
/* End PBXShellScriptBuildPhase section */

/* Begin PBXSourcesBuildPhase section */
		96427C06229C49C700507971 /* Sources */ = {
			isa = PBXSourcesBuildPhase;
			buildActionMask = 2147483647;
			files = (
				96427C20229C715300507971 /* AboutViewController.swift in Sources */,
				96427C10229C49C700507971 /* ViewController.swift in Sources */,
				96427C0E229C49C700507971 /* AppDelegate.swift in Sources */,
				96427C22229C739700507971 /* AboutTheAuthorViewController.swift in Sources */,
			);
			runOnlyForDeploymentPostprocessing = 0;
		};
/* End PBXSourcesBuildPhase section */

/* Begin PBXVariantGroup section */
		96427C11229C49C700507971 /* Main.storyboard */ = {
			isa = PBXVariantGroup;
			children = (
				96427C12229C49C700507971 /* Base */,
			);
			name = Main.storyboard;
			sourceTree = "<group>";
		};
		96427C16229C49C800507971 /* LaunchScreen.storyboard */ = {
			isa = PBXVariantGroup;
			children = (
				96427C17229C49C800507971 /* Base */,
			);
			name = LaunchScreen.storyboard;
			sourceTree = "<group>";
		};
/* End PBXVariantGroup section */

/* Begin XCBuildConfiguration section */
		96427C1A229C49C800507971 /* Debug */ = {
			isa = XCBuildConfiguration;
			buildSettings = {
				ALWAYS_SEARCH_USER_PATHS = NO;
				CLANG_ANALYZER_NONNULL = YES;
				CLANG_ANALYZER_NUMBER_OBJECT_CONVERSION = YES_AGGRESSIVE;
				CLANG_CXX_LANGUAGE_STANDARD = "gnu++14";
				CLANG_CXX_LIBRARY = "libc++";
				CLANG_ENABLE_MODULES = YES;
				CLANG_ENABLE_OBJC_ARC = YES;
				CLANG_ENABLE_OBJC_WEAK = YES;
				CLANG_WARN_BLOCK_CAPTURE_AUTORELEASING = YES;
				CLANG_WARN_BOOL_CONVERSION = YES;
				CLANG_WARN_COMMA = YES;
				CLANG_WARN_CONSTANT_CONVERSION = YES;
				CLANG_WARN_DEPRECATED_OBJC_IMPLEMENTATIONS = YES;
				CLANG_WARN_DIRECT_OBJC_ISA_USAGE = YES_ERROR;
				CLANG_WARN_DOCUMENTATION_COMMENTS = YES;
				CLANG_WARN_EMPTY_BODY = YES;
				CLANG_WARN_ENUM_CONVERSION = YES;
				CLANG_WARN_INFINITE_RECURSION = YES;
				CLANG_WARN_INT_CONVERSION = YES;
				CLANG_WARN_NON_LITERAL_NULL_CONVERSION = YES;
				CLANG_WARN_OBJC_IMPLICIT_RETAIN_SELF = YES;
				CLANG_WARN_OBJC_LITERAL_CONVERSION = YES;
				CLANG_WARN_OBJC_ROOT_CLASS = YES_ERROR;
				CLANG_WARN_RANGE_LOOP_ANALYSIS = YES;
				CLANG_WARN_STRICT_PROTOTYPES = YES;
				CLANG_WARN_SUSPICIOUS_MOVE = YES;
				CLANG_WARN_UNGUARDED_AVAILABILITY = YES_AGGRESSIVE;
				CLANG_WARN_UNREACHABLE_CODE = YES;
				CLANG_WARN__DUPLICATE_METHOD_MATCH = YES;
				CODE_SIGN_IDENTITY = "iPhone Developer";
				COPY_PHASE_STRIP = NO;
				DEBUG_INFORMATION_FORMAT = dwarf;
				ENABLE_STRICT_OBJC_MSGSEND = YES;
				ENABLE_TESTABILITY = YES;
				GCC_C_LANGUAGE_STANDARD = gnu11;
				GCC_DYNAMIC_NO_PIC = NO;
				GCC_NO_COMMON_BLOCKS = YES;
				GCC_OPTIMIZATION_LEVEL = 0;
				GCC_PREPROCESSOR_DEFINITIONS = (
					"DEBUG=1",
					"$(inherited)",
				);
				GCC_WARN_64_TO_32_BIT_CONVERSION = YES;
				GCC_WARN_ABOUT_RETURN_TYPE = YES_ERROR;
				GCC_WARN_UNDECLARED_SELECTOR = YES;
				GCC_WARN_UNINITIALIZED_AUTOS = YES_AGGRESSIVE;
				GCC_WARN_UNUSED_FUNCTION = YES;
				GCC_WARN_UNUSED_VARIABLE = YES;
				IPHONEOS_DEPLOYMENT_TARGET = 12.1;
				MTL_ENABLE_DEBUG_INFO = INCLUDE_SOURCE;
				MTL_FAST_MATH = YES;
				ONLY_ACTIVE_ARCH = YES;
				SDKROOT = iphoneos;
				SWIFT_ACTIVE_COMPILATION_CONDITIONS = DEBUG;
				SWIFT_OPTIMIZATION_LEVEL = "-Onone";
			};
			name = Debug;
		};
		96427C1B229C49C800507971 /* Release */ = {
			isa = XCBuildConfiguration;
			buildSettings = {
				ALWAYS_SEARCH_USER_PATHS = NO;
				CLANG_ANALYZER_NONNULL = YES;
				CLANG_ANALYZER_NUMBER_OBJECT_CONVERSION = YES_AGGRESSIVE;
				CLANG_CXX_LANGUAGE_STANDARD = "gnu++14";
				CLANG_CXX_LIBRARY = "libc++";
				CLANG_ENABLE_MODULES = YES;
				CLANG_ENABLE_OBJC_ARC = YES;
				CLANG_ENABLE_OBJC_WEAK = YES;
				CLANG_WARN_BLOCK_CAPTURE_AUTORELEASING = YES;
				CLANG_WARN_BOOL_CONVERSION = YES;
				CLANG_WARN_COMMA = YES;
				CLANG_WARN_CONSTANT_CONVERSION = YES;
				CLANG_WARN_DEPRECATED_OBJC_IMPLEMENTATIONS = YES;
				CLANG_WARN_DIRECT_OBJC_ISA_USAGE = YES_ERROR;
				CLANG_WARN_DOCUMENTATION_COMMENTS = YES;
				CLANG_WARN_EMPTY_BODY = YES;
				CLANG_WARN_ENUM_CONVERSION = YES;
				CLANG_WARN_INFINITE_RECURSION = YES;
				CLANG_WARN_INT_CONVERSION = YES;
				CLANG_WARN_NON_LITERAL_NULL_CONVERSION = YES;
				CLANG_WARN_OBJC_IMPLICIT_RETAIN_SELF = YES;
				CLANG_WARN_OBJC_LITERAL_CONVERSION = YES;
				CLANG_WARN_OBJC_ROOT_CLASS = YES_ERROR;
				CLANG_WARN_RANGE_LOOP_ANALYSIS = YES;
				CLANG_WARN_STRICT_PROTOTYPES = YES;
				CLANG_WARN_SUSPICIOUS_MOVE = YES;
				CLANG_WARN_UNGUARDED_AVAILABILITY = YES_AGGRESSIVE;
				CLANG_WARN_UNREACHABLE_CODE = YES;
				CLANG_WARN__DUPLICATE_METHOD_MATCH = YES;
				CODE_SIGN_IDENTITY = "iPhone Developer";
				COPY_PHASE_STRIP = NO;
				DEBUG_INFORMATION_FORMAT = "dwarf-with-dsym";
				ENABLE_NS_ASSERTIONS = NO;
				ENABLE_STRICT_OBJC_MSGSEND = YES;
				GCC_C_LANGUAGE_STANDARD = gnu11;
				GCC_NO_COMMON_BLOCKS = YES;
				GCC_WARN_64_TO_32_BIT_CONVERSION = YES;
				GCC_WARN_ABOUT_RETURN_TYPE = YES_ERROR;
				GCC_WARN_UNDECLARED_SELECTOR = YES;
				GCC_WARN_UNINITIALIZED_AUTOS = YES_AGGRESSIVE;
				GCC_WARN_UNUSED_FUNCTION = YES;
				GCC_WARN_UNUSED_VARIABLE = YES;
				IPHONEOS_DEPLOYMENT_TARGET = 12.1;
				MTL_ENABLE_DEBUG_INFO = NO;
				MTL_FAST_MATH = YES;
				SDKROOT = iphoneos;
				SWIFT_COMPILATION_MODE = wholemodule;
				SWIFT_OPTIMIZATION_LEVEL = "-O";
				VALIDATE_PRODUCT = YES;
			};
			name = Release;
		};
		96427C1D229C49C800507971 /* Debug */ = {
			isa = XCBuildConfiguration;
			baseConfigurationReference = 9C00507BA76043FCF618F185 /* Pods-Panek.debug.xcconfig */;
			buildSettings = {
				ASSETCATALOG_COMPILER_APPICON_NAME = AppIcon;
				CODE_SIGN_STYLE = Automatic;
				DEVELOPMENT_TEAM = W7ZYY3P2YY;
				INFOPLIST_FILE = Panek/Info.plist;
				LD_RUNPATH_SEARCH_PATHS = (
					"$(inherited)",
					"@executable_path/Frameworks",
				);
				PRODUCT_BUNDLE_IDENTIFIER = PanekTeam.Panek;
				PRODUCT_NAME = "$(TARGET_NAME)";
				SWIFT_VERSION = 4.2;
				TARGETED_DEVICE_FAMILY = "1,2";
			};
			name = Debug;
		};
		96427C1E229C49C800507971 /* Release */ = {
			isa = XCBuildConfiguration;
			baseConfigurationReference = 2ADF7EEF3B5B040BF4410EE5 /* Pods-Panek.release.xcconfig */;
			buildSettings = {
				ASSETCATALOG_COMPILER_APPICON_NAME = AppIcon;
				CODE_SIGN_STYLE = Automatic;
				DEVELOPMENT_TEAM = W7ZYY3P2YY;
				INFOPLIST_FILE = Panek/Info.plist;
				LD_RUNPATH_SEARCH_PATHS = (
					"$(inherited)",
					"@executable_path/Frameworks",
				);
				PRODUCT_BUNDLE_IDENTIFIER = PanekTeam.Panek;
				PRODUCT_NAME = "$(TARGET_NAME)";
				SWIFT_VERSION = 4.2;
				TARGETED_DEVICE_FAMILY = "1,2";
			};
			name = Release;
		};
/* End XCBuildConfiguration section */

/* Begin XCConfigurationList section */
		96427C05229C49C700507971 /* Build configuration list for PBXProject "Panek" */ = {
			isa = XCConfigurationList;
			buildConfigurations = (
				96427C1A229C49C800507971 /* Debug */,
				96427C1B229C49C800507971 /* Release */,
			);
			defaultConfigurationIsVisible = 0;
			defaultConfigurationName = Release;
		};
		96427C1C229C49C800507971 /* Build configuration list for PBXNativeTarget "Panek" */ = {
			isa = XCConfigurationList;
			buildConfigurations = (
				96427C1D229C49C800507971 /* Debug */,
				96427C1E229C49C800507971 /* Release */,
			);
			defaultConfigurationIsVisible = 0;
			defaultConfigurationName = Release;
		};
/* End XCConfigurationList section */
	};
	rootObject = 96427C02229C49C700507971 /* Project object */;
}
